// !$*UTF8*$!
{
	archiveVersion = 1;
	classes = {
	};
	objectVersion = 51;
	objects = {

/* Begin PBXBuildFile section */
		01D22F16B4ED6F2216DB946F /* Pods_BitQuotation.framework in Frameworks */ = {isa = PBXBuildFile; fileRef = 4BCFCD80769365E5FCA1BDFF /* Pods_BitQuotation.framework */; };
		4504A4C0233DABE3009A95E2 /* InjectionUseCase.swift in Sources */ = {isa = PBXBuildFile; fileRef = 4504A4BF233DABE3009A95E2 /* InjectionUseCase.swift */; };
		4504A4C2233DB41D009A95E2 /* TransactionUseCase.swift in Sources */ = {isa = PBXBuildFile; fileRef = 4504A4C1233DB41D009A95E2 /* TransactionUseCase.swift */; };
		4504A4C5233EB9F3009A95E2 /* OperationTypeEnum.swift in Sources */ = {isa = PBXBuildFile; fileRef = 4504A4C4233EB9F3009A95E2 /* OperationTypeEnum.swift */; };
		4504A4C9233EC3C0009A95E2 /* QuotationPresenter.swift in Sources */ = {isa = PBXBuildFile; fileRef = 4504A4C8233EC3C0009A95E2 /* QuotationPresenter.swift */; };
		4504A4CB233EC3E8009A95E2 /* QuotationContract.swift in Sources */ = {isa = PBXBuildFile; fileRef = 4504A4CA233EC3E8009A95E2 /* QuotationContract.swift */; };
		4504A4CF2340083C009A95E2 /* AxisFormatter.swift in Sources */ = {isa = PBXBuildFile; fileRef = 4504A4CE2340083C009A95E2 /* AxisFormatter.swift */; };
		4504A4D523401610009A95E2 /* OptionSelectionStackView.swift in Sources */ = {isa = PBXBuildFile; fileRef = 4504A4D423401610009A95E2 /* OptionSelectionStackView.swift */; };
		4504A4D723401686009A95E2 /* OptionButton.swift in Sources */ = {isa = PBXBuildFile; fileRef = 4504A4D623401686009A95E2 /* OptionButton.swift */; };
		4504A4DA23401F1A009A95E2 /* OptionSelectionStackViewContract.swift in Sources */ = {isa = PBXBuildFile; fileRef = 4504A4D923401F1A009A95E2 /* OptionSelectionStackViewContract.swift */; };
		4504A4DC23402E86009A95E2 /* TransactionLocalDataSourceImpl.swift in Sources */ = {isa = PBXBuildFile; fileRef = 4504A4DB23402E86009A95E2 /* TransactionLocalDataSourceImpl.swift */; };
		4504A4DE23402EA8009A95E2 /* TransactionLocalDataSource.swift in Sources */ = {isa = PBXBuildFile; fileRef = 4504A4DD23402EA8009A95E2 /* TransactionLocalDataSource.swift */; };
		4504A4E023402F16009A95E2 /* StringExtension.swift in Sources */ = {isa = PBXBuildFile; fileRef = 4504A4DF23402F16009A95E2 /* StringExtension.swift */; };
		4504A4E32340356A009A95E2 /* TransactionConverter.swift in Sources */ = {isa = PBXBuildFile; fileRef = 4504A4E22340356A009A95E2 /* TransactionConverter.swift */; };
		4504A4E62340435F009A95E2 /* LocaleFinder.swift in Sources */ = {isa = PBXBuildFile; fileRef = 4504A4E52340435F009A95E2 /* LocaleFinder.swift */; };
		4504A4EB23405DA0009A95E2 /* TimeEnum.swift in Sources */ = {isa = PBXBuildFile; fileRef = 4504A4EA23405DA0009A95E2 /* TimeEnum.swift */; };
		4504A4ED2340FFAA009A95E2 /* UIViewExtension.swift in Sources */ = {isa = PBXBuildFile; fileRef = 4504A4EC2340FFAA009A95E2 /* UIViewExtension.swift */; };
		4504A4EF23413761009A95E2 /* QuotationViewControllerElementsExtension.swift in Sources */ = {isa = PBXBuildFile; fileRef = 4504A4EE23413761009A95E2 /* QuotationViewControllerElementsExtension.swift */; };
		455A22D8233D6BFB00B8C0EF /* AppDelegate.swift in Sources */ = {isa = PBXBuildFile; fileRef = 455A22D7233D6BFB00B8C0EF /* AppDelegate.swift */; };
		455A22DA233D6BFB00B8C0EF /* QuotationViewController.swift in Sources */ = {isa = PBXBuildFile; fileRef = 455A22D9233D6BFB00B8C0EF /* QuotationViewController.swift */; };
		455A22DF233D6BFC00B8C0EF /* Assets.xcassets in Resources */ = {isa = PBXBuildFile; fileRef = 455A22DE233D6BFC00B8C0EF /* Assets.xcassets */; };
		455A22E2233D6BFC00B8C0EF /* LaunchScreen.storyboard in Resources */ = {isa = PBXBuildFile; fileRef = 455A22E0233D6BFC00B8C0EF /* LaunchScreen.storyboard */; };
		455A22ED233D6BFC00B8C0EF /* BitQuotationTests.swift in Sources */ = {isa = PBXBuildFile; fileRef = 455A22EC233D6BFC00B8C0EF /* BitQuotationTests.swift */; };
		455A22F8233D6BFC00B8C0EF /* BitQuotationUITests.swift in Sources */ = {isa = PBXBuildFile; fileRef = 455A22F7233D6BFC00B8C0EF /* BitQuotationUITests.swift */; };
		455A2307233D8BF300B8C0EF /* UIViewLayoutExtension.swift in Sources */ = {isa = PBXBuildFile; fileRef = 455A2306233D8BF300B8C0EF /* UIViewLayoutExtension.swift */; };
		455A2310233D983100B8C0EF /* TransactionResponse.swift in Sources */ = {isa = PBXBuildFile; fileRef = 455A230F233D983100B8C0EF /* TransactionResponse.swift */; };
		455A2312233D9B2800B8C0EF /* TransactionRemoteDataSource.swift in Sources */ = {isa = PBXBuildFile; fileRef = 455A2311233D9B2800B8C0EF /* TransactionRemoteDataSource.swift */; };
		455A2314233D9B3800B8C0EF /* TransactionRemoteDataSourceImpl.swift in Sources */ = {isa = PBXBuildFile; fileRef = 455A2313233D9B3800B8C0EF /* TransactionRemoteDataSourceImpl.swift */; };
		455A2317233D9B9300B8C0EF /* LanguageIdentifierEnum.swift in Sources */ = {isa = PBXBuildFile; fileRef = 455A2316233D9B9300B8C0EF /* LanguageIdentifierEnum.swift */; };
		455A231A233D9D6F00B8C0EF /* URLBuilder.swift in Sources */ = {isa = PBXBuildFile; fileRef = 455A2319233D9D6F00B8C0EF /* URLBuilder.swift */; };
		455A231C233D9D8E00B8C0EF /* GenericRequest.swift in Sources */ = {isa = PBXBuildFile; fileRef = 455A231B233D9D8E00B8C0EF /* GenericRequest.swift */; };
		455A231E233DA45900B8C0EF /* Transaction.swift in Sources */ = {isa = PBXBuildFile; fileRef = 455A231D233DA45900B8C0EF /* Transaction.swift */; };
		455A2320233DA46E00B8C0EF /* TransactionEntry.swift in Sources */ = {isa = PBXBuildFile; fileRef = 455A231F233DA46E00B8C0EF /* TransactionEntry.swift */; };
		5CF3CCA9B249554A31DB7633 /* Pods_BitQuotationUITests.framework in Frameworks */ = {isa = PBXBuildFile; fileRef = ED892A0262FA2889B6EBFF7D /* Pods_BitQuotationUITests.framework */; };
		5DD03EEAE2BEA909BB46852F /* Pods_BitQuotationTests.framework in Frameworks */ = {isa = PBXBuildFile; fileRef = C8C807478640D89CF378AF53 /* Pods_BitQuotationTests.framework */; };
/* End PBXBuildFile section */

/* Begin PBXContainerItemProxy section */
		455A22E9233D6BFC00B8C0EF /* PBXContainerItemProxy */ = {
			isa = PBXContainerItemProxy;
			containerPortal = 455A22CC233D6BFB00B8C0EF /* Project object */;
			proxyType = 1;
			remoteGlobalIDString = 455A22D3233D6BFB00B8C0EF;
			remoteInfo = BitQuotation;
		};
		455A22F4233D6BFC00B8C0EF /* PBXContainerItemProxy */ = {
			isa = PBXContainerItemProxy;
			containerPortal = 455A22CC233D6BFB00B8C0EF /* Project object */;
			proxyType = 1;
			remoteGlobalIDString = 455A22D3233D6BFB00B8C0EF;
			remoteInfo = BitQuotation;
		};
/* End PBXContainerItemProxy section */

/* Begin PBXFileReference section */
		3884859E6EB379D4BF537772 /* Pods-BitQuotationUITests.release.xcconfig */ = {isa = PBXFileReference; includeInIndex = 1; lastKnownFileType = text.xcconfig; name = "Pods-BitQuotationUITests.release.xcconfig"; path = "Target Support Files/Pods-BitQuotationUITests/Pods-BitQuotationUITests.release.xcconfig"; sourceTree = "<group>"; };
		4504A4BF233DABE3009A95E2 /* InjectionUseCase.swift */ = {isa = PBXFileReference; lastKnownFileType = sourcecode.swift; path = InjectionUseCase.swift; sourceTree = "<group>"; };
		4504A4C1233DB41D009A95E2 /* TransactionUseCase.swift */ = {isa = PBXFileReference; lastKnownFileType = sourcecode.swift; path = TransactionUseCase.swift; sourceTree = "<group>"; };
		4504A4C4233EB9F3009A95E2 /* OperationTypeEnum.swift */ = {isa = PBXFileReference; lastKnownFileType = sourcecode.swift; path = OperationTypeEnum.swift; sourceTree = "<group>"; };
		4504A4C8233EC3C0009A95E2 /* QuotationPresenter.swift */ = {isa = PBXFileReference; lastKnownFileType = sourcecode.swift; path = QuotationPresenter.swift; sourceTree = "<group>"; };
		4504A4CA233EC3E8009A95E2 /* QuotationContract.swift */ = {isa = PBXFileReference; lastKnownFileType = sourcecode.swift; path = QuotationContract.swift; sourceTree = "<group>"; };
		4504A4CE2340083C009A95E2 /* AxisFormatter.swift */ = {isa = PBXFileReference; lastKnownFileType = sourcecode.swift; path = AxisFormatter.swift; sourceTree = "<group>"; };
		4504A4D423401610009A95E2 /* OptionSelectionStackView.swift */ = {isa = PBXFileReference; lastKnownFileType = sourcecode.swift; path = OptionSelectionStackView.swift; sourceTree = "<group>"; };
		4504A4D623401686009A95E2 /* OptionButton.swift */ = {isa = PBXFileReference; lastKnownFileType = sourcecode.swift; path = OptionButton.swift; sourceTree = "<group>"; };
		4504A4D923401F1A009A95E2 /* OptionSelectionStackViewContract.swift */ = {isa = PBXFileReference; lastKnownFileType = sourcecode.swift; path = OptionSelectionStackViewContract.swift; sourceTree = "<group>"; };
		4504A4DB23402E86009A95E2 /* TransactionLocalDataSourceImpl.swift */ = {isa = PBXFileReference; lastKnownFileType = sourcecode.swift; path = TransactionLocalDataSourceImpl.swift; sourceTree = "<group>"; };
		4504A4DD23402EA8009A95E2 /* TransactionLocalDataSource.swift */ = {isa = PBXFileReference; lastKnownFileType = sourcecode.swift; path = TransactionLocalDataSource.swift; sourceTree = "<group>"; };
		4504A4DF23402F16009A95E2 /* StringExtension.swift */ = {isa = PBXFileReference; lastKnownFileType = sourcecode.swift; path = StringExtension.swift; sourceTree = "<group>"; };
		4504A4E22340356A009A95E2 /* TransactionConverter.swift */ = {isa = PBXFileReference; lastKnownFileType = sourcecode.swift; path = TransactionConverter.swift; sourceTree = "<group>"; };
		4504A4E52340435F009A95E2 /* LocaleFinder.swift */ = {isa = PBXFileReference; lastKnownFileType = sourcecode.swift; path = LocaleFinder.swift; sourceTree = "<group>"; };
		4504A4EA23405DA0009A95E2 /* TimeEnum.swift */ = {isa = PBXFileReference; lastKnownFileType = sourcecode.swift; path = TimeEnum.swift; sourceTree = "<group>"; };
		4504A4EC2340FFAA009A95E2 /* UIViewExtension.swift */ = {isa = PBXFileReference; lastKnownFileType = sourcecode.swift; path = UIViewExtension.swift; sourceTree = "<group>"; };
		4504A4EE23413761009A95E2 /* QuotationViewControllerElementsExtension.swift */ = {isa = PBXFileReference; lastKnownFileType = sourcecode.swift; path = QuotationViewControllerElementsExtension.swift; sourceTree = "<group>"; };
		455A22D4233D6BFB00B8C0EF /* BitQuotation.app */ = {isa = PBXFileReference; explicitFileType = wrapper.application; includeInIndex = 0; path = BitQuotation.app; sourceTree = BUILT_PRODUCTS_DIR; };
		455A22D7233D6BFB00B8C0EF /* AppDelegate.swift */ = {isa = PBXFileReference; lastKnownFileType = sourcecode.swift; path = AppDelegate.swift; sourceTree = "<group>"; };
		455A22D9233D6BFB00B8C0EF /* QuotationViewController.swift */ = {isa = PBXFileReference; lastKnownFileType = sourcecode.swift; path = QuotationViewController.swift; sourceTree = "<group>"; };
		455A22DE233D6BFC00B8C0EF /* Assets.xcassets */ = {isa = PBXFileReference; lastKnownFileType = folder.assetcatalog; path = Assets.xcassets; sourceTree = "<group>"; };
		455A22E1233D6BFC00B8C0EF /* Base */ = {isa = PBXFileReference; lastKnownFileType = file.storyboard; name = Base; path = Base.lproj/LaunchScreen.storyboard; sourceTree = "<group>"; };
		455A22E3233D6BFC00B8C0EF /* Info.plist */ = {isa = PBXFileReference; lastKnownFileType = text.plist.xml; path = Info.plist; sourceTree = "<group>"; };
		455A22E8233D6BFC00B8C0EF /* BitQuotationTests.xctest */ = {isa = PBXFileReference; explicitFileType = wrapper.cfbundle; includeInIndex = 0; path = BitQuotationTests.xctest; sourceTree = BUILT_PRODUCTS_DIR; };
		455A22EC233D6BFC00B8C0EF /* BitQuotationTests.swift */ = {isa = PBXFileReference; lastKnownFileType = sourcecode.swift; path = BitQuotationTests.swift; sourceTree = "<group>"; };
		455A22EE233D6BFC00B8C0EF /* Info.plist */ = {isa = PBXFileReference; lastKnownFileType = text.plist.xml; path = Info.plist; sourceTree = "<group>"; };
		455A22F3233D6BFC00B8C0EF /* BitQuotationUITests.xctest */ = {isa = PBXFileReference; explicitFileType = wrapper.cfbundle; includeInIndex = 0; path = BitQuotationUITests.xctest; sourceTree = BUILT_PRODUCTS_DIR; };
		455A22F7233D6BFC00B8C0EF /* BitQuotationUITests.swift */ = {isa = PBXFileReference; lastKnownFileType = sourcecode.swift; path = BitQuotationUITests.swift; sourceTree = "<group>"; };
		455A22F9233D6BFC00B8C0EF /* Info.plist */ = {isa = PBXFileReference; lastKnownFileType = text.plist.xml; path = Info.plist; sourceTree = "<group>"; };
		455A2306233D8BF300B8C0EF /* UIViewLayoutExtension.swift */ = {isa = PBXFileReference; lastKnownFileType = sourcecode.swift; path = UIViewLayoutExtension.swift; sourceTree = "<group>"; };
		455A230F233D983100B8C0EF /* TransactionResponse.swift */ = {isa = PBXFileReference; lastKnownFileType = sourcecode.swift; path = TransactionResponse.swift; sourceTree = "<group>"; };
		455A2311233D9B2800B8C0EF /* TransactionRemoteDataSource.swift */ = {isa = PBXFileReference; lastKnownFileType = sourcecode.swift; path = TransactionRemoteDataSource.swift; sourceTree = "<group>"; };
		455A2313233D9B3800B8C0EF /* TransactionRemoteDataSourceImpl.swift */ = {isa = PBXFileReference; lastKnownFileType = sourcecode.swift; path = TransactionRemoteDataSourceImpl.swift; sourceTree = "<group>"; };
		455A2316233D9B9300B8C0EF /* LanguageIdentifierEnum.swift */ = {isa = PBXFileReference; lastKnownFileType = sourcecode.swift; path = LanguageIdentifierEnum.swift; sourceTree = "<group>"; };
		455A2319233D9D6F00B8C0EF /* URLBuilder.swift */ = {isa = PBXFileReference; lastKnownFileType = sourcecode.swift; path = URLBuilder.swift; sourceTree = "<group>"; };
		455A231B233D9D8E00B8C0EF /* GenericRequest.swift */ = {isa = PBXFileReference; lastKnownFileType = sourcecode.swift; path = GenericRequest.swift; sourceTree = "<group>"; };
		455A231D233DA45900B8C0EF /* Transaction.swift */ = {isa = PBXFileReference; lastKnownFileType = sourcecode.swift; path = Transaction.swift; sourceTree = "<group>"; };
		455A231F233DA46E00B8C0EF /* TransactionEntry.swift */ = {isa = PBXFileReference; lastKnownFileType = sourcecode.swift; path = "\U0010TransactionEntry.swift"; sourceTree = "<group>"; };
		4BCFCD80769365E5FCA1BDFF /* Pods_BitQuotation.framework */ = {isa = PBXFileReference; explicitFileType = wrapper.framework; includeInIndex = 0; path = Pods_BitQuotation.framework; sourceTree = BUILT_PRODUCTS_DIR; };
		B552E531538716625EEA335D /* Pods-BitQuotationUITests.debug.xcconfig */ = {isa = PBXFileReference; includeInIndex = 1; lastKnownFileType = text.xcconfig; name = "Pods-BitQuotationUITests.debug.xcconfig"; path = "Target Support Files/Pods-BitQuotationUITests/Pods-BitQuotationUITests.debug.xcconfig"; sourceTree = "<group>"; };
		BE5CEDE09C55205876369BC9 /* Pods-BitQuotationTests.debug.xcconfig */ = {isa = PBXFileReference; includeInIndex = 1; lastKnownFileType = text.xcconfig; name = "Pods-BitQuotationTests.debug.xcconfig"; path = "Target Support Files/Pods-BitQuotationTests/Pods-BitQuotationTests.debug.xcconfig"; sourceTree = "<group>"; };
		C8C807478640D89CF378AF53 /* Pods_BitQuotationTests.framework */ = {isa = PBXFileReference; explicitFileType = wrapper.framework; includeInIndex = 0; path = Pods_BitQuotationTests.framework; sourceTree = BUILT_PRODUCTS_DIR; };
		EB0122C72BC934A03BD5E7AF /* Pods-BitQuotation.debug.xcconfig */ = {isa = PBXFileReference; includeInIndex = 1; lastKnownFileType = text.xcconfig; name = "Pods-BitQuotation.debug.xcconfig"; path = "Target Support Files/Pods-BitQuotation/Pods-BitQuotation.debug.xcconfig"; sourceTree = "<group>"; };
		ED892A0262FA2889B6EBFF7D /* Pods_BitQuotationUITests.framework */ = {isa = PBXFileReference; explicitFileType = wrapper.framework; includeInIndex = 0; path = Pods_BitQuotationUITests.framework; sourceTree = BUILT_PRODUCTS_DIR; };
		F1E2710FDC7B82BBC7E92D25 /* Pods-BitQuotationTests.release.xcconfig */ = {isa = PBXFileReference; includeInIndex = 1; lastKnownFileType = text.xcconfig; name = "Pods-BitQuotationTests.release.xcconfig"; path = "Target Support Files/Pods-BitQuotationTests/Pods-BitQuotationTests.release.xcconfig"; sourceTree = "<group>"; };
		FDB21358E392D5D056DA82FE /* Pods-BitQuotation.release.xcconfig */ = {isa = PBXFileReference; includeInIndex = 1; lastKnownFileType = text.xcconfig; name = "Pods-BitQuotation.release.xcconfig"; path = "Target Support Files/Pods-BitQuotation/Pods-BitQuotation.release.xcconfig"; sourceTree = "<group>"; };
/* End PBXFileReference section */

/* Begin PBXFrameworksBuildPhase section */
		455A22D1233D6BFB00B8C0EF /* Frameworks */ = {
			isa = PBXFrameworksBuildPhase;
			buildActionMask = 2147483647;
			files = (
				01D22F16B4ED6F2216DB946F /* Pods_BitQuotation.framework in Frameworks */,
			);
			runOnlyForDeploymentPostprocessing = 0;
		};
		455A22E5233D6BFC00B8C0EF /* Frameworks */ = {
			isa = PBXFrameworksBuildPhase;
			buildActionMask = 2147483647;
			files = (
				5DD03EEAE2BEA909BB46852F /* Pods_BitQuotationTests.framework in Frameworks */,
			);
			runOnlyForDeploymentPostprocessing = 0;
		};
		455A22F0233D6BFC00B8C0EF /* Frameworks */ = {
			isa = PBXFrameworksBuildPhase;
			buildActionMask = 2147483647;
			files = (
				5CF3CCA9B249554A31DB7633 /* Pods_BitQuotationUITests.framework in Frameworks */,
			);
			runOnlyForDeploymentPostprocessing = 0;
		};
/* End PBXFrameworksBuildPhase section */

/* Begin PBXGroup section */
		2B7CC40C87C6F5C2EB7EB20B /* Frameworks */ = {
			isa = PBXGroup;
			children = (
				4BCFCD80769365E5FCA1BDFF /* Pods_BitQuotation.framework */,
				C8C807478640D89CF378AF53 /* Pods_BitQuotationTests.framework */,
				ED892A0262FA2889B6EBFF7D /* Pods_BitQuotationUITests.framework */,
			);
			name = Frameworks;
			sourceTree = "<group>";
		};
		4504A4C3233EB9E4009A95E2 /* Enum */ = {
			isa = PBXGroup;
			children = (
				455A2316233D9B9300B8C0EF /* LanguageIdentifierEnum.swift */,
				4504A4C4233EB9F3009A95E2 /* OperationTypeEnum.swift */,
				4504A4EA23405DA0009A95E2 /* TimeEnum.swift */,
			);
			path = Enum;
			sourceTree = "<group>";
		};
		4504A4C6233EC398009A95E2 /* View */ = {
			isa = PBXGroup;
			children = (
				4504A4C7233EC3A4009A95E2 /* Quotation */,
			);
			path = View;
			sourceTree = "<group>";
		};
		4504A4C7233EC3A4009A95E2 /* Quotation */ = {
			isa = PBXGroup;
			children = (
				455A22D9233D6BFB00B8C0EF /* QuotationViewController.swift */,
				4504A4C8233EC3C0009A95E2 /* QuotationPresenter.swift */,
				4504A4CA233EC3E8009A95E2 /* QuotationContract.swift */,
				4504A4EE23413761009A95E2 /* QuotationViewControllerElementsExtension.swift */,
			);
			path = Quotation;
			sourceTree = "<group>";
		};
		4504A4CD23400833009A95E2 /* Date */ = {
			isa = PBXGroup;
			children = (
				4504A4CE2340083C009A95E2 /* AxisFormatter.swift */,
			);
			path = Date;
			sourceTree = "<group>";
		};
		4504A4D2234015EA009A95E2 /* Common */ = {
			isa = PBXGroup;
			children = (
				4504A4D3234015FC009A95E2 /* Component */,
				455A2305233D6FCA00B8C0EF /* Extension */,
				455A2315233D9B7E00B8C0EF /* Utility */,
				455A2321233DABB400B8C0EF /* Use Case */,
			);
			path = Common;
			sourceTree = "<group>";
		};
		4504A4D3234015FC009A95E2 /* Component */ = {
			isa = PBXGroup;
			children = (
				4504A4D823401F0E009A95E2 /* OptionStackView */,
			);
			path = Component;
			sourceTree = "<group>";
		};
		4504A4D823401F0E009A95E2 /* OptionStackView */ = {
			isa = PBXGroup;
			children = (
				4504A4D423401610009A95E2 /* OptionSelectionStackView.swift */,
				4504A4D623401686009A95E2 /* OptionButton.swift */,
				4504A4D923401F1A009A95E2 /* OptionSelectionStackViewContract.swift */,
			);
			path = OptionStackView;
			sourceTree = "<group>";
		};
		4504A4E123403556009A95E2 /* Converters */ = {
			isa = PBXGroup;
			children = (
				4504A4E22340356A009A95E2 /* TransactionConverter.swift */,
			);
			path = Converters;
			sourceTree = "<group>";
		};
		4504A4E423404352009A95E2 /* Locale */ = {
			isa = PBXGroup;
			children = (
				4504A4E52340435F009A95E2 /* LocaleFinder.swift */,
			);
			path = Locale;
			sourceTree = "<group>";
		};
		455A22CB233D6BFB00B8C0EF = {
			isa = PBXGroup;
			children = (
				455A22D6233D6BFB00B8C0EF /* BitQuotation */,
				455A22EB233D6BFC00B8C0EF /* BitQuotationTests */,
				455A22F6233D6BFC00B8C0EF /* BitQuotationUITests */,
				455A22D5233D6BFB00B8C0EF /* Products */,
				AA2CF78D63ADC49145FB3EFB /* Pods */,
				2B7CC40C87C6F5C2EB7EB20B /* Frameworks */,
			);
			sourceTree = "<group>";
		};
		455A22D5233D6BFB00B8C0EF /* Products */ = {
			isa = PBXGroup;
			children = (
				455A22D4233D6BFB00B8C0EF /* BitQuotation.app */,
				455A22E8233D6BFC00B8C0EF /* BitQuotationTests.xctest */,
				455A22F3233D6BFC00B8C0EF /* BitQuotationUITests.xctest */,
			);
			name = Products;
			sourceTree = "<group>";
		};
		455A22D6233D6BFB00B8C0EF /* BitQuotation */ = {
			isa = PBXGroup;
			children = (
				455A22D7233D6BFB00B8C0EF /* AppDelegate.swift */,
				455A22DE233D6BFC00B8C0EF /* Assets.xcassets */,
				455A22E0233D6BFC00B8C0EF /* LaunchScreen.storyboard */,
				455A22E3233D6BFC00B8C0EF /* Info.plist */,
				4504A4C6233EC398009A95E2 /* View */,
				455A2308233D8E0600B8C0EF /* Repository */,
				4504A4D2234015EA009A95E2 /* Common */,
			);
			path = BitQuotation;
			sourceTree = "<group>";
		};
		455A22EB233D6BFC00B8C0EF /* BitQuotationTests */ = {
			isa = PBXGroup;
			children = (
				455A22EC233D6BFC00B8C0EF /* BitQuotationTests.swift */,
				455A22EE233D6BFC00B8C0EF /* Info.plist */,
			);
			path = BitQuotationTests;
			sourceTree = "<group>";
		};
		455A22F6233D6BFC00B8C0EF /* BitQuotationUITests */ = {
			isa = PBXGroup;
			children = (
				455A22F7233D6BFC00B8C0EF /* BitQuotationUITests.swift */,
				455A22F9233D6BFC00B8C0EF /* Info.plist */,
			);
			path = BitQuotationUITests;
			sourceTree = "<group>";
		};
		455A2305233D6FCA00B8C0EF /* Extension */ = {
			isa = PBXGroup;
			children = (
				455A2306233D8BF300B8C0EF /* UIViewLayoutExtension.swift */,
				4504A4DF23402F16009A95E2 /* StringExtension.swift */,
				4504A4EC2340FFAA009A95E2 /* UIViewExtension.swift */,
			);
			path = Extension;
			sourceTree = "<group>";
		};
		455A2308233D8E0600B8C0EF /* Repository */ = {
			isa = PBXGroup;
			children = (
				455A230A233D8E3F00B8C0EF /* Remote Data Source */,
				455A2309233D8E3200B8C0EF /* Local Data Source */,
			);
			path = Repository;
			sourceTree = "<group>";
		};
		455A2309233D8E3200B8C0EF /* Local Data Source */ = {
			isa = PBXGroup;
			children = (
				4504A4E123403556009A95E2 /* Converters */,
				455A230E233D92B300B8C0EF /* Entries */,
				455A230D233D92A800B8C0EF /* Entities */,
				4504A4DB23402E86009A95E2 /* TransactionLocalDataSourceImpl.swift */,
				4504A4DD23402EA8009A95E2 /* TransactionLocalDataSource.swift */,
			);
			path = "Local Data Source";
			sourceTree = "<group>";
		};
		455A230A233D8E3F00B8C0EF /* Remote Data Source */ = {
			isa = PBXGroup;
			children = (
				455A2318233D9D5F00B8C0EF /* Request */,
				455A230C233D90CD00B8C0EF /* Response */,
				455A2311233D9B2800B8C0EF /* TransactionRemoteDataSource.swift */,
				455A2313233D9B3800B8C0EF /* TransactionRemoteDataSourceImpl.swift */,
			);
			path = "Remote Data Source";
			sourceTree = "<group>";
		};
		455A230C233D90CD00B8C0EF /* Response */ = {
			isa = PBXGroup;
			children = (
				455A230F233D983100B8C0EF /* TransactionResponse.swift */,
			);
			path = Response;
			sourceTree = "<group>";
		};
		455A230D233D92A800B8C0EF /* Entities */ = {
			isa = PBXGroup;
			children = (
				455A231D233DA45900B8C0EF /* Transaction.swift */,
			);
			path = Entities;
			sourceTree = "<group>";
		};
		455A230E233D92B300B8C0EF /* Entries */ = {
			isa = PBXGroup;
			children = (
				455A231F233DA46E00B8C0EF /* TransactionEntry.swift */,
			);
			path = Entries;
			sourceTree = "<group>";
		};
		455A2315233D9B7E00B8C0EF /* Utility */ = {
			isa = PBXGroup;
			children = (
				4504A4E423404352009A95E2 /* Locale */,
				4504A4CD23400833009A95E2 /* Date */,
				4504A4C3233EB9E4009A95E2 /* Enum */,
			);
			path = Utility;
			sourceTree = "<group>";
		};
		455A2318233D9D5F00B8C0EF /* Request */ = {
			isa = PBXGroup;
			children = (
				455A2319233D9D6F00B8C0EF /* URLBuilder.swift */,
				455A231B233D9D8E00B8C0EF /* GenericRequest.swift */,
			);
			path = Request;
			sourceTree = "<group>";
		};
		455A2321233DABB400B8C0EF /* Use Case */ = {
			isa = PBXGroup;
			children = (
				4504A4BF233DABE3009A95E2 /* InjectionUseCase.swift */,
				4504A4C1233DB41D009A95E2 /* TransactionUseCase.swift */,
			);
			path = "Use Case";
			sourceTree = "<group>";
		};
		AA2CF78D63ADC49145FB3EFB /* Pods */ = {
			isa = PBXGroup;
			children = (
				EB0122C72BC934A03BD5E7AF /* Pods-BitQuotation.debug.xcconfig */,
				FDB21358E392D5D056DA82FE /* Pods-BitQuotation.release.xcconfig */,
				BE5CEDE09C55205876369BC9 /* Pods-BitQuotationTests.debug.xcconfig */,
				F1E2710FDC7B82BBC7E92D25 /* Pods-BitQuotationTests.release.xcconfig */,
				B552E531538716625EEA335D /* Pods-BitQuotationUITests.debug.xcconfig */,
				3884859E6EB379D4BF537772 /* Pods-BitQuotationUITests.release.xcconfig */,
			);
			path = Pods;
			sourceTree = "<group>";
		};
/* End PBXGroup section */

/* Begin PBXNativeTarget section */
		455A22D3233D6BFB00B8C0EF /* BitQuotation */ = {
			isa = PBXNativeTarget;
			buildConfigurationList = 455A22FC233D6BFC00B8C0EF /* Build configuration list for PBXNativeTarget "BitQuotation" */;
			buildPhases = (
				BFA6B7FFF3399C088A59F21B /* [CP] Check Pods Manifest.lock */,
				455A22D0233D6BFB00B8C0EF /* Sources */,
				455A22D1233D6BFB00B8C0EF /* Frameworks */,
				455A22D2233D6BFB00B8C0EF /* Resources */,
				C05BDEB1A9C5D56FBF0E60D2 /* [CP] Embed Pods Frameworks */,
			);
			buildRules = (
			);
			dependencies = (
			);
			name = BitQuotation;
			productName = BitQuotation;
			productReference = 455A22D4233D6BFB00B8C0EF /* BitQuotation.app */;
			productType = "com.apple.product-type.application";
		};
		455A22E7233D6BFC00B8C0EF /* BitQuotationTests */ = {
			isa = PBXNativeTarget;
			buildConfigurationList = 455A22FF233D6BFC00B8C0EF /* Build configuration list for PBXNativeTarget "BitQuotationTests" */;
			buildPhases = (
				E830A206ED753DC3F1FFF6C9 /* [CP] Check Pods Manifest.lock */,
				455A22E4233D6BFC00B8C0EF /* Sources */,
				455A22E5233D6BFC00B8C0EF /* Frameworks */,
				455A22E6233D6BFC00B8C0EF /* Resources */,
			);
			buildRules = (
			);
			dependencies = (
				455A22EA233D6BFC00B8C0EF /* PBXTargetDependency */,
			);
			name = BitQuotationTests;
			productName = BitQuotationTests;
			productReference = 455A22E8233D6BFC00B8C0EF /* BitQuotationTests.xctest */;
			productType = "com.apple.product-type.bundle.unit-test";
		};
		455A22F2233D6BFC00B8C0EF /* BitQuotationUITests */ = {
			isa = PBXNativeTarget;
			buildConfigurationList = 455A2302233D6BFC00B8C0EF /* Build configuration list for PBXNativeTarget "BitQuotationUITests" */;
			buildPhases = (
				91F24A1711AFE164CCD24BAA /* [CP] Check Pods Manifest.lock */,
				455A22EF233D6BFC00B8C0EF /* Sources */,
				455A22F0233D6BFC00B8C0EF /* Frameworks */,
				455A22F1233D6BFC00B8C0EF /* Resources */,
			);
			buildRules = (
			);
			dependencies = (
				455A22F5233D6BFC00B8C0EF /* PBXTargetDependency */,
			);
			name = BitQuotationUITests;
			productName = BitQuotationUITests;
			productReference = 455A22F3233D6BFC00B8C0EF /* BitQuotationUITests.xctest */;
			productType = "com.apple.product-type.bundle.ui-testing";
		};
/* End PBXNativeTarget section */

/* Begin PBXProject section */
		455A22CC233D6BFB00B8C0EF /* Project object */ = {
			isa = PBXProject;
			attributes = {
				LastSwiftUpdateCheck = 1030;
				LastUpgradeCheck = 1030;
				ORGANIZATIONNAME = "Alexandre Henrique";
				TargetAttributes = {
					455A22D3233D6BFB00B8C0EF = {
						CreatedOnToolsVersion = 10.3;
					};
					455A22E7233D6BFC00B8C0EF = {
						CreatedOnToolsVersion = 10.3;
						TestTargetID = 455A22D3233D6BFB00B8C0EF;
					};
					455A22F2233D6BFC00B8C0EF = {
						CreatedOnToolsVersion = 10.3;
						TestTargetID = 455A22D3233D6BFB00B8C0EF;
					};
				};
			};
			buildConfigurationList = 455A22CF233D6BFB00B8C0EF /* Build configuration list for PBXProject "BitQuotation" */;
			compatibilityVersion = "Xcode 9.3";
			developmentRegion = en;
			hasScannedForEncodings = 0;
			knownRegions = (
				en,
				Base,
			);
			mainGroup = 455A22CB233D6BFB00B8C0EF;
			productRefGroup = 455A22D5233D6BFB00B8C0EF /* Products */;
			projectDirPath = "";
			projectRoot = "";
			targets = (
				455A22D3233D6BFB00B8C0EF /* BitQuotation */,
				455A22E7233D6BFC00B8C0EF /* BitQuotationTests */,
				455A22F2233D6BFC00B8C0EF /* BitQuotationUITests */,
			);
		};
/* End PBXProject section */

/* Begin PBXResourcesBuildPhase section */
		455A22D2233D6BFB00B8C0EF /* Resources */ = {
			isa = PBXResourcesBuildPhase;
			buildActionMask = 2147483647;
			files = (
				455A22E2233D6BFC00B8C0EF /* LaunchScreen.storyboard in Resources */,
				455A22DF233D6BFC00B8C0EF /* Assets.xcassets in Resources */,
			);
			runOnlyForDeploymentPostprocessing = 0;
		};
		455A22E6233D6BFC00B8C0EF /* Resources */ = {
			isa = PBXResourcesBuildPhase;
			buildActionMask = 2147483647;
			files = (
			);
			runOnlyForDeploymentPostprocessing = 0;
		};
		455A22F1233D6BFC00B8C0EF /* Resources */ = {
			isa = PBXResourcesBuildPhase;
			buildActionMask = 2147483647;
			files = (
			);
			runOnlyForDeploymentPostprocessing = 0;
		};
/* End PBXResourcesBuildPhase section */

/* Begin PBXShellScriptBuildPhase section */
		91F24A1711AFE164CCD24BAA /* [CP] Check Pods Manifest.lock */ = {
			isa = PBXShellScriptBuildPhase;
			buildActionMask = 2147483647;
			files = (
			);
			inputFileListPaths = (
			);
			inputPaths = (
				"${PODS_PODFILE_DIR_PATH}/Podfile.lock",
				"${PODS_ROOT}/Manifest.lock",
			);
			name = "[CP] Check Pods Manifest.lock";
			outputFileListPaths = (
			);
			outputPaths = (
				"$(DERIVED_FILE_DIR)/Pods-BitQuotationUITests-checkManifestLockResult.txt",
			);
			runOnlyForDeploymentPostprocessing = 0;
			shellPath = /bin/sh;
			shellScript = "diff \"${PODS_PODFILE_DIR_PATH}/Podfile.lock\" \"${PODS_ROOT}/Manifest.lock\" > /dev/null\nif [ $? != 0 ] ; then\n    # print error to STDERR\n    echo \"error: The sandbox is not in sync with the Podfile.lock. Run 'pod install' or update your CocoaPods installation.\" >&2\n    exit 1\nfi\n# This output is used by Xcode 'outputs' to avoid re-running this script phase.\necho \"SUCCESS\" > \"${SCRIPT_OUTPUT_FILE_0}\"\n";
			showEnvVarsInLog = 0;
		};
		BFA6B7FFF3399C088A59F21B /* [CP] Check Pods Manifest.lock */ = {
			isa = PBXShellScriptBuildPhase;
			buildActionMask = 2147483647;
			files = (
			);
			inputFileListPaths = (
			);
			inputPaths = (
				"${PODS_PODFILE_DIR_PATH}/Podfile.lock",
				"${PODS_ROOT}/Manifest.lock",
			);
			name = "[CP] Check Pods Manifest.lock";
			outputFileListPaths = (
			);
			outputPaths = (
				"$(DERIVED_FILE_DIR)/Pods-BitQuotation-checkManifestLockResult.txt",
			);
			runOnlyForDeploymentPostprocessing = 0;
			shellPath = /bin/sh;
			shellScript = "diff \"${PODS_PODFILE_DIR_PATH}/Podfile.lock\" \"${PODS_ROOT}/Manifest.lock\" > /dev/null\nif [ $? != 0 ] ; then\n    # print error to STDERR\n    echo \"error: The sandbox is not in sync with the Podfile.lock. Run 'pod install' or update your CocoaPods installation.\" >&2\n    exit 1\nfi\n# This output is used by Xcode 'outputs' to avoid re-running this script phase.\necho \"SUCCESS\" > \"${SCRIPT_OUTPUT_FILE_0}\"\n";
			showEnvVarsInLog = 0;
		};
		C05BDEB1A9C5D56FBF0E60D2 /* [CP] Embed Pods Frameworks */ = {
			isa = PBXShellScriptBuildPhase;
			buildActionMask = 2147483647;
			files = (
			);
			inputFileListPaths = (
				"${PODS_ROOT}/Target Support Files/Pods-BitQuotation/Pods-BitQuotation-frameworks-${CONFIGURATION}-input-files.xcfilelist",
			);
			name = "[CP] Embed Pods Frameworks";
			outputFileListPaths = (
				"${PODS_ROOT}/Target Support Files/Pods-BitQuotation/Pods-BitQuotation-frameworks-${CONFIGURATION}-output-files.xcfilelist",
			);
			runOnlyForDeploymentPostprocessing = 0;
			shellPath = /bin/sh;
			shellScript = "\"${PODS_ROOT}/Target Support Files/Pods-BitQuotation/Pods-BitQuotation-frameworks.sh\"\n";
			showEnvVarsInLog = 0;
		};
		E830A206ED753DC3F1FFF6C9 /* [CP] Check Pods Manifest.lock */ = {
			isa = PBXShellScriptBuildPhase;
			buildActionMask = 2147483647;
			files = (
			);
			inputFileListPaths = (
			);
			inputPaths = (
				"${PODS_PODFILE_DIR_PATH}/Podfile.lock",
				"${PODS_ROOT}/Manifest.lock",
			);
			name = "[CP] Check Pods Manifest.lock";
			outputFileListPaths = (
			);
			outputPaths = (
				"$(DERIVED_FILE_DIR)/Pods-BitQuotationTests-checkManifestLockResult.txt",
			);
			runOnlyForDeploymentPostprocessing = 0;
			shellPath = /bin/sh;
			shellScript = "diff \"${PODS_PODFILE_DIR_PATH}/Podfile.lock\" \"${PODS_ROOT}/Manifest.lock\" > /dev/null\nif [ $? != 0 ] ; then\n    # print error to STDERR\n    echo \"error: The sandbox is not in sync with the Podfile.lock. Run 'pod install' or update your CocoaPods installation.\" >&2\n    exit 1\nfi\n# This output is used by Xcode 'outputs' to avoid re-running this script phase.\necho \"SUCCESS\" > \"${SCRIPT_OUTPUT_FILE_0}\"\n";
			showEnvVarsInLog = 0;
		};
/* End PBXShellScriptBuildPhase section */

/* Begin PBXSourcesBuildPhase section */
		455A22D0233D6BFB00B8C0EF /* Sources */ = {
			isa = PBXSourcesBuildPhase;
			buildActionMask = 2147483647;
			files = (
				455A22DA233D6BFB00B8C0EF /* QuotationViewController.swift in Sources */,
				4504A4C0233DABE3009A95E2 /* InjectionUseCase.swift in Sources */,
				4504A4D523401610009A95E2 /* OptionSelectionStackView.swift in Sources */,
				4504A4E32340356A009A95E2 /* TransactionConverter.swift in Sources */,
				455A2310233D983100B8C0EF /* TransactionResponse.swift in Sources */,
				4504A4D723401686009A95E2 /* OptionButton.swift in Sources */,
				455A2317233D9B9300B8C0EF /* LanguageIdentifierEnum.swift in Sources */,
				4504A4DE23402EA8009A95E2 /* TransactionLocalDataSource.swift in Sources */,
				4504A4E62340435F009A95E2 /* LocaleFinder.swift in Sources */,
				4504A4CB233EC3E8009A95E2 /* QuotationContract.swift in Sources */,
				455A2312233D9B2800B8C0EF /* TransactionRemoteDataSource.swift in Sources */,
				455A231E233DA45900B8C0EF /* Transaction.swift in Sources */,
				4504A4C9233EC3C0009A95E2 /* QuotationPresenter.swift in Sources */,
				455A22D8233D6BFB00B8C0EF /* AppDelegate.swift in Sources */,
				455A231A233D9D6F00B8C0EF /* URLBuilder.swift in Sources */,
				4504A4ED2340FFAA009A95E2 /* UIViewExtension.swift in Sources */,
				4504A4EB23405DA0009A95E2 /* TimeEnum.swift in Sources */,
				4504A4CF2340083C009A95E2 /* AxisFormatter.swift in Sources */,
				4504A4EF23413761009A95E2 /* QuotationViewControllerElementsExtension.swift in Sources */,
				4504A4DC23402E86009A95E2 /* TransactionLocalDataSourceImpl.swift in Sources */,
				455A2307233D8BF300B8C0EF /* UIViewLayoutExtension.swift in Sources */,
				455A231C233D9D8E00B8C0EF /* GenericRequest.swift in Sources */,
				455A2314233D9B3800B8C0EF /* TransactionRemoteDataSourceImpl.swift in Sources */,
				4504A4C2233DB41D009A95E2 /* TransactionUseCase.swift in Sources */,
				4504A4C5233EB9F3009A95E2 /* OperationTypeEnum.swift in Sources */,
				455A2320233DA46E00B8C0EF /* TransactionEntry.swift in Sources */,
				4504A4E023402F16009A95E2 /* StringExtension.swift in Sources */,
				4504A4DA23401F1A009A95E2 /* OptionSelectionStackViewContract.swift in Sources */,
			);
			runOnlyForDeploymentPostprocessing = 0;
		};
		455A22E4233D6BFC00B8C0EF /* Sources */ = {
			isa = PBXSourcesBuildPhase;
			buildActionMask = 2147483647;
			files = (
				455A22ED233D6BFC00B8C0EF /* BitQuotationTests.swift in Sources */,
			);
			runOnlyForDeploymentPostprocessing = 0;
		};
		455A22EF233D6BFC00B8C0EF /* Sources */ = {
			isa = PBXSourcesBuildPhase;
			buildActionMask = 2147483647;
			files = (
				455A22F8233D6BFC00B8C0EF /* BitQuotationUITests.swift in Sources */,
			);
			runOnlyForDeploymentPostprocessing = 0;
		};
/* End PBXSourcesBuildPhase section */

/* Begin PBXTargetDependency section */
		455A22EA233D6BFC00B8C0EF /* PBXTargetDependency */ = {
			isa = PBXTargetDependency;
			target = 455A22D3233D6BFB00B8C0EF /* BitQuotation */;
			targetProxy = 455A22E9233D6BFC00B8C0EF /* PBXContainerItemProxy */;
		};
		455A22F5233D6BFC00B8C0EF /* PBXTargetDependency */ = {
			isa = PBXTargetDependency;
			target = 455A22D3233D6BFB00B8C0EF /* BitQuotation */;
			targetProxy = 455A22F4233D6BFC00B8C0EF /* PBXContainerItemProxy */;
		};
/* End PBXTargetDependency section */

/* Begin PBXVariantGroup section */
		455A22E0233D6BFC00B8C0EF /* LaunchScreen.storyboard */ = {
			isa = PBXVariantGroup;
			children = (
				455A22E1233D6BFC00B8C0EF /* Base */,
			);
			name = LaunchScreen.storyboard;
			sourceTree = "<group>";
		};
/* End PBXVariantGroup section */

/* Begin XCBuildConfiguration section */
		455A22FA233D6BFC00B8C0EF /* Debug */ = {
			isa = XCBuildConfiguration;
			buildSettings = {
				ALWAYS_SEARCH_USER_PATHS = NO;
				CLANG_ANALYZER_NONNULL = YES;
				CLANG_ANALYZER_NUMBER_OBJECT_CONVERSION = YES_AGGRESSIVE;
				CLANG_CXX_LANGUAGE_STANDARD = "gnu++14";
				CLANG_CXX_LIBRARY = "libc++";
				CLANG_ENABLE_MODULES = YES;
				CLANG_ENABLE_OBJC_ARC = YES;
				CLANG_ENABLE_OBJC_WEAK = YES;
				CLANG_WARN_BLOCK_CAPTURE_AUTORELEASING = YES;
				CLANG_WARN_BOOL_CONVERSION = YES;
				CLANG_WARN_COMMA = YES;
				CLANG_WARN_CONSTANT_CONVERSION = YES;
				CLANG_WARN_DEPRECATED_OBJC_IMPLEMENTATIONS = YES;
				CLANG_WARN_DIRECT_OBJC_ISA_USAGE = YES_ERROR;
				CLANG_WARN_DOCUMENTATION_COMMENTS = YES;
				CLANG_WARN_EMPTY_BODY = YES;
				CLANG_WARN_ENUM_CONVERSION = YES;
				CLANG_WARN_INFINITE_RECURSION = YES;
				CLANG_WARN_INT_CONVERSION = YES;
				CLANG_WARN_NON_LITERAL_NULL_CONVERSION = YES;
				CLANG_WARN_OBJC_IMPLICIT_RETAIN_SELF = YES;
				CLANG_WARN_OBJC_LITERAL_CONVERSION = YES;
				CLANG_WARN_OBJC_ROOT_CLASS = YES_ERROR;
				CLANG_WARN_RANGE_LOOP_ANALYSIS = YES;
				CLANG_WARN_STRICT_PROTOTYPES = YES;
				CLANG_WARN_SUSPICIOUS_MOVE = YES;
				CLANG_WARN_UNGUARDED_AVAILABILITY = YES_AGGRESSIVE;
				CLANG_WARN_UNREACHABLE_CODE = YES;
				CLANG_WARN__DUPLICATE_METHOD_MATCH = YES;
				CODE_SIGN_IDENTITY = "iPhone Developer";
				COPY_PHASE_STRIP = NO;
				DEBUG_INFORMATION_FORMAT = dwarf;
				ENABLE_STRICT_OBJC_MSGSEND = YES;
				ENABLE_TESTABILITY = YES;
				GCC_C_LANGUAGE_STANDARD = gnu11;
				GCC_DYNAMIC_NO_PIC = NO;
				GCC_NO_COMMON_BLOCKS = YES;
				GCC_OPTIMIZATION_LEVEL = 0;
				GCC_PREPROCESSOR_DEFINITIONS = (
					"DEBUG=1",
					"$(inherited)",
				);
				GCC_WARN_64_TO_32_BIT_CONVERSION = YES;
				GCC_WARN_ABOUT_RETURN_TYPE = YES_ERROR;
				GCC_WARN_UNDECLARED_SELECTOR = YES;
				GCC_WARN_UNINITIALIZED_AUTOS = YES_AGGRESSIVE;
				GCC_WARN_UNUSED_FUNCTION = YES;
				GCC_WARN_UNUSED_VARIABLE = YES;
				IPHONEOS_DEPLOYMENT_TARGET = 12.4;
				MTL_ENABLE_DEBUG_INFO = INCLUDE_SOURCE;
				MTL_FAST_MATH = YES;
				ONLY_ACTIVE_ARCH = YES;
				SDKROOT = iphoneos;
				SWIFT_ACTIVE_COMPILATION_CONDITIONS = DEBUG;
				SWIFT_OPTIMIZATION_LEVEL = "-Onone";
			};
			name = Debug;
		};
		455A22FB233D6BFC00B8C0EF /* Release */ = {
			isa = XCBuildConfiguration;
			buildSettings = {
				ALWAYS_SEARCH_USER_PATHS = NO;
				CLANG_ANALYZER_NONNULL = YES;
				CLANG_ANALYZER_NUMBER_OBJECT_CONVERSION = YES_AGGRESSIVE;
				CLANG_CXX_LANGUAGE_STANDARD = "gnu++14";
				CLANG_CXX_LIBRARY = "libc++";
				CLANG_ENABLE_MODULES = YES;
				CLANG_ENABLE_OBJC_ARC = YES;
				CLANG_ENABLE_OBJC_WEAK = YES;
				CLANG_WARN_BLOCK_CAPTURE_AUTORELEASING = YES;
				CLANG_WARN_BOOL_CONVERSION = YES;
				CLANG_WARN_COMMA = YES;
				CLANG_WARN_CONSTANT_CONVERSION = YES;
				CLANG_WARN_DEPRECATED_OBJC_IMPLEMENTATIONS = YES;
				CLANG_WARN_DIRECT_OBJC_ISA_USAGE = YES_ERROR;
				CLANG_WARN_DOCUMENTATION_COMMENTS = YES;
				CLANG_WARN_EMPTY_BODY = YES;
				CLANG_WARN_ENUM_CONVERSION = YES;
				CLANG_WARN_INFINITE_RECURSION = YES;
				CLANG_WARN_INT_CONVERSION = YES;
				CLANG_WARN_NON_LITERAL_NULL_CONVERSION = YES;
				CLANG_WARN_OBJC_IMPLICIT_RETAIN_SELF = YES;
				CLANG_WARN_OBJC_LITERAL_CONVERSION = YES;
				CLANG_WARN_OBJC_ROOT_CLASS = YES_ERROR;
				CLANG_WARN_RANGE_LOOP_ANALYSIS = YES;
				CLANG_WARN_STRICT_PROTOTYPES = YES;
				CLANG_WARN_SUSPICIOUS_MOVE = YES;
				CLANG_WARN_UNGUARDED_AVAILABILITY = YES_AGGRESSIVE;
				CLANG_WARN_UNREACHABLE_CODE = YES;
				CLANG_WARN__DUPLICATE_METHOD_MATCH = YES;
				CODE_SIGN_IDENTITY = "iPhone Developer";
				COPY_PHASE_STRIP = NO;
				DEBUG_INFORMATION_FORMAT = "dwarf-with-dsym";
				ENABLE_NS_ASSERTIONS = NO;
				ENABLE_STRICT_OBJC_MSGSEND = YES;
				GCC_C_LANGUAGE_STANDARD = gnu11;
				GCC_NO_COMMON_BLOCKS = YES;
				GCC_WARN_64_TO_32_BIT_CONVERSION = YES;
				GCC_WARN_ABOUT_RETURN_TYPE = YES_ERROR;
				GCC_WARN_UNDECLARED_SELECTOR = YES;
				GCC_WARN_UNINITIALIZED_AUTOS = YES_AGGRESSIVE;
				GCC_WARN_UNUSED_FUNCTION = YES;
				GCC_WARN_UNUSED_VARIABLE = YES;
				IPHONEOS_DEPLOYMENT_TARGET = 12.4;
				MTL_ENABLE_DEBUG_INFO = NO;
				MTL_FAST_MATH = YES;
				SDKROOT = iphoneos;
				SWIFT_COMPILATION_MODE = wholemodule;
				SWIFT_OPTIMIZATION_LEVEL = "-O";
				VALIDATE_PRODUCT = YES;
			};
			name = Release;
		};
		455A22FD233D6BFC00B8C0EF /* Debug */ = {
			isa = XCBuildConfiguration;
			baseConfigurationReference = EB0122C72BC934A03BD5E7AF /* Pods-BitQuotation.debug.xcconfig */;
			buildSettings = {
				ASSETCATALOG_COMPILER_APPICON_NAME = AppIcon;
				CODE_SIGN_STYLE = Automatic;
				DEVELOPMENT_TEAM = 8NJN76E9UZ;
				INFOPLIST_FILE = BitQuotation/Info.plist;
				LD_RUNPATH_SEARCH_PATHS = (
					"$(inherited)",
					"@executable_path/Frameworks",
				);
				PRODUCT_BUNDLE_IDENTIFIER = com.alexandrehcdc.BitQuotation;
				PRODUCT_NAME = "$(TARGET_NAME)";
				SWIFT_VERSION = 5.0;
				TARGETED_DEVICE_FAMILY = "1,2";
			};
			name = Debug;
		};
		455A22FE233D6BFC00B8C0EF /* Release */ = {
			isa = XCBuildConfiguration;
			baseConfigurationReference = FDB21358E392D5D056DA82FE /* Pods-BitQuotation.release.xcconfig */;
			buildSettings = {
				ASSETCATALOG_COMPILER_APPICON_NAME = AppIcon;
				CODE_SIGN_STYLE = Automatic;
				DEVELOPMENT_TEAM = 8NJN76E9UZ;
				INFOPLIST_FILE = BitQuotation/Info.plist;
				LD_RUNPATH_SEARCH_PATHS = (
					"$(inherited)",
					"@executable_path/Frameworks",
				);
				PRODUCT_BUNDLE_IDENTIFIER = com.alexandrehcdc.BitQuotation;
				PRODUCT_NAME = "$(TARGET_NAME)";
				SWIFT_VERSION = 5.0;
				TARGETED_DEVICE_FAMILY = "1,2";
			};
			name = Release;
		};
		455A2300233D6BFC00B8C0EF /* Debug */ = {
			isa = XCBuildConfiguration;
			baseConfigurationReference = BE5CEDE09C55205876369BC9 /* Pods-BitQuotationTests.debug.xcconfig */;
			buildSettings = {
				ALWAYS_EMBED_SWIFT_STANDARD_LIBRARIES = YES;
				BUNDLE_LOADER = "$(TEST_HOST)";
				CODE_SIGN_STYLE = Automatic;
				DEVELOPMENT_TEAM = 8NJN76E9UZ;
				INFOPLIST_FILE = BitQuotationTests/Info.plist;
				LD_RUNPATH_SEARCH_PATHS = (
					"$(inherited)",
					"@executable_path/Frameworks",
					"@loader_path/Frameworks",
				);
				PRODUCT_BUNDLE_IDENTIFIER = com.alexandrehcdc.BitQuotationTests;
				PRODUCT_NAME = "$(TARGET_NAME)";
				SWIFT_VERSION = 5.0;
				TARGETED_DEVICE_FAMILY = "1,2";
				TEST_HOST = "$(BUILT_PRODUCTS_DIR)/BitQuotation.app/BitQuotation";
			};
			name = Debug;
		};
		455A2301233D6BFC00B8C0EF /* Release */ = {
			isa = XCBuildConfiguration;
			baseConfigurationReference = F1E2710FDC7B82BBC7E92D25 /* Pods-BitQuotationTests.release.xcconfig */;
			buildSettings = {
				ALWAYS_EMBED_SWIFT_STANDARD_LIBRARIES = YES;
				BUNDLE_LOADER = "$(TEST_HOST)";
				CODE_SIGN_STYLE = Automatic;
				DEVELOPMENT_TEAM = 8NJN76E9UZ;
				INFOPLIST_FILE = BitQuotationTests/Info.plist;
				LD_RUNPATH_SEARCH_PATHS = (
					"$(inherited)",
					"@executable_path/Frameworks",
					"@loader_path/Frameworks",
				);
				PRODUCT_BUNDLE_IDENTIFIER = com.alexandrehcdc.BitQuotationTests;
				PRODUCT_NAME = "$(TARGET_NAME)";
				SWIFT_VERSION = 5.0;
				TARGETED_DEVICE_FAMILY = "1,2";
				TEST_HOST = "$(BUILT_PRODUCTS_DIR)/BitQuotation.app/BitQuotation";
			};
			name = Release;
		};
		455A2303233D6BFC00B8C0EF /* Debug */ = {
			isa = XCBuildConfiguration;
			baseConfigurationReference = B552E531538716625EEA335D /* Pods-BitQuotationUITests.debug.xcconfig */;
			buildSettings = {
				ALWAYS_EMBED_SWIFT_STANDARD_LIBRARIES = YES;
				CODE_SIGN_STYLE = Automatic;
				DEVELOPMENT_TEAM = 8NJN76E9UZ;
				INFOPLIST_FILE = BitQuotationUITests/Info.plist;
				LD_RUNPATH_SEARCH_PATHS = (
					"$(inherited)",
					"@executable_path/Frameworks",
					"@loader_path/Frameworks",
				);
				PRODUCT_BUNDLE_IDENTIFIER = com.alexandrehcdc.BitQuotationUITests;
				PRODUCT_NAME = "$(TARGET_NAME)";
				SWIFT_VERSION = 5.0;
				TARGETED_DEVICE_FAMILY = "1,2";
				TEST_TARGET_NAME = BitQuotation;
			};
			name = Debug;
		};
		455A2304233D6BFC00B8C0EF /* Release */ = {
			isa = XCBuildConfiguration;
			baseConfigurationReference = 3884859E6EB379D4BF537772 /* Pods-BitQuotationUITests.release.xcconfig */;
			buildSettings = {
				ALWAYS_EMBED_SWIFT_STANDARD_LIBRARIES = YES;
				CODE_SIGN_STYLE = Automatic;
				DEVELOPMENT_TEAM = 8NJN76E9UZ;
				INFOPLIST_FILE = BitQuotationUITests/Info.plist;
				LD_RUNPATH_SEARCH_PATHS = (
					"$(inherited)",
					"@executable_path/Frameworks",
					"@loader_path/Frameworks",
				);
				PRODUCT_BUNDLE_IDENTIFIER = com.alexandrehcdc.BitQuotationUITests;
				PRODUCT_NAME = "$(TARGET_NAME)";
				SWIFT_VERSION = 5.0;
				TARGETED_DEVICE_FAMILY = "1,2";
				TEST_TARGET_NAME = BitQuotation;
			};
			name = Release;
		};
/* End XCBuildConfiguration section */

/* Begin XCConfigurationList section */
		455A22CF233D6BFB00B8C0EF /* Build configuration list for PBXProject "BitQuotation" */ = {
			isa = XCConfigurationList;
			buildConfigurations = (
				455A22FA233D6BFC00B8C0EF /* Debug */,
				455A22FB233D6BFC00B8C0EF /* Release */,
			);
			defaultConfigurationIsVisible = 0;
			defaultConfigurationName = Release;
		};
		455A22FC233D6BFC00B8C0EF /* Build configuration list for PBXNativeTarget "BitQuotation" */ = {
			isa = XCConfigurationList;
			buildConfigurations = (
				455A22FD233D6BFC00B8C0EF /* Debug */,
				455A22FE233D6BFC00B8C0EF /* Release */,
			);
			defaultConfigurationIsVisible = 0;
			defaultConfigurationName = Release;
		};
		455A22FF233D6BFC00B8C0EF /* Build configuration list for PBXNativeTarget "BitQuotationTests" */ = {
			isa = XCConfigurationList;
			buildConfigurations = (
				455A2300233D6BFC00B8C0EF /* Debug */,
				455A2301233D6BFC00B8C0EF /* Release */,
			);
			defaultConfigurationIsVisible = 0;
			defaultConfigurationName = Release;
		};
		455A2302233D6BFC00B8C0EF /* Build configuration list for PBXNativeTarget "BitQuotationUITests" */ = {
			isa = XCConfigurationList;
			buildConfigurations = (
				455A2303233D6BFC00B8C0EF /* Debug */,
				455A2304233D6BFC00B8C0EF /* Release */,
			);
			defaultConfigurationIsVisible = 0;
			defaultConfigurationName = Release;
		};
/* End XCConfigurationList section */
	};
	rootObject = 455A22CC233D6BFB00B8C0EF /* Project object */;
}
